# THIS IS AN AUTOGENERATED FILE. DO NOT EDIT THIS FILE DIRECTLY.
# yarn lockfile v1


"@chainsafe/as-sha256@1.2.0", "@chainsafe/as-sha256@^1.2.0":
  version "1.2.0"
  resolved "https://registry.yarnpkg.com/@chainsafe/as-sha256/-/as-sha256-1.2.0.tgz#5764ac9959e147fe0908dd0f66c0cce525a633b3"
  integrity sha512-H2BNHQ5C3RS+H0ZvOdovK6GjFAyq5T6LClad8ivwj9Oaiy28uvdsGVS7gNJKuZmg0FGHAI+n7F0Qju6U0QkKDA==

"@chainsafe/hashtree-darwin-arm64@1.0.1":
  version "1.0.1"
  resolved "https://registry.yarnpkg.com/@chainsafe/hashtree-darwin-arm64/-/hashtree-darwin-arm64-1.0.1.tgz#e2c60090c56a1c8dc8bdff329856184ad32e4cd5"
  integrity sha512-+KmEgQMpO7FDL3klAcpXbQ4DPZvfCe0qSaBBrtT4vLF8V1JGm3sp+j7oibtxtOsLKz7nJMiK1pZExi7vjXu8og==

"@chainsafe/hashtree-linux-arm64-gnu@1.0.1":
  version "1.0.1"
  resolved "https://registry.yarnpkg.com/@chainsafe/hashtree-linux-arm64-gnu/-/hashtree-linux-arm64-gnu-1.0.1.tgz#49d2604a6c9106219448af3eaf76f4da6e44daca"
  integrity sha512-p1hnhGq2aFY+Zhdn1Q6L/6yLYNKjqXfn/Pc8jiM0e3+Lf/hB+yCdqYVu1pto26BrZjugCFZfupHaL4DjUTDttw==

"@chainsafe/hashtree-linux-x64-gnu@1.0.1":
  version "1.0.1"
  resolved "https://registry.yarnpkg.com/@chainsafe/hashtree-linux-x64-gnu/-/hashtree-linux-x64-gnu-1.0.1.tgz#31c5a2bb196b78f04f2bf4bfb5c1bf1f3331f071"
  integrity sha512-uCIGuUWuWV0LiB4KLMy6JFa7Jp6NmPl3hKF5BYWu8TzUBe7vSXMZfqTzGxXPggFYN2/0KymfRdG9iDCOJfGRqg==

"@chainsafe/hashtree@1.0.1":
  version "1.0.1"
  resolved "https://registry.yarnpkg.com/@chainsafe/hashtree/-/hashtree-1.0.1.tgz#587666a261e1da6a37904095ce875fddc53c7c89"
  integrity sha512-bleu9FjqBeR/l6W1u2Lz+HsS0b0LLJX2eUt3hOPBN7VqOhidx8wzkVh2S7YurS+iTQtfdK4K5QU9tcTGNrGwDg==
  optionalDependencies:
    "@chainsafe/hashtree-darwin-arm64" "1.0.1"
    "@chainsafe/hashtree-linux-arm64-gnu" "1.0.1"
    "@chainsafe/hashtree-linux-x64-gnu" "1.0.1"

"@chainsafe/persistent-merkle-tree@1.2.0", "@chainsafe/persistent-merkle-tree@^1.2.0":
  version "1.2.0"
  resolved "https://registry.yarnpkg.com/@chainsafe/persistent-merkle-tree/-/persistent-merkle-tree-1.2.0.tgz#a402debcae6b386c51564c8cbacc9b0d56f64486"
  integrity sha512-Ng2eqd6OPvFPPuroQ659ZrFMHtc44LxUfK7K2WkoBhlQ3hrvIn3UTQNKc77xUCU40xjeBGSxAfz+MSV256i+/g==
  dependencies:
    "@chainsafe/as-sha256" "1.2.0"
    "@chainsafe/hashtree" "1.0.1"
    "@noble/hashes" "^1.3.0"

"@chainsafe/ssz@^1.2.1":
  version "1.2.1"
  resolved "https://registry.yarnpkg.com/@chainsafe/ssz/-/ssz-1.2.1.tgz#a9a89c9706de33444c0ee64fbc461ae6001132af"
  integrity sha512-rchrNF+tJ1yOMZS5CQK3bK5UZC1vQP8ANxW4McRedvBls5b9Mvn+LtbOE4wffrVMOxQzOXcBGZDoCPPJYX76Rg==
  dependencies:
    "@chainsafe/as-sha256" "1.2.0"
    "@chainsafe/persistent-merkle-tree" "1.2.0"

"@lodestar/api@^1.31.0":
  version "1.31.0"
  resolved "https://registry.yarnpkg.com/@lodestar/api/-/api-1.31.0.tgz#09fd624550fbf5586bf71e1d743cb1e6068dbdfa"
  integrity sha512-fH8ivkE9G/Kx0/zudxNJM/uT35D8a9M2AZljJD7Mu6gE2p6JKS8dHLDDmZO5csPCwm+VMN35n9+gOComTNRp5Q==
  dependencies:
    "@chainsafe/persistent-merkle-tree" "^1.2.0"
    "@chainsafe/ssz" "^1.2.1"
    "@lodestar/config" "^1.31.0"
    "@lodestar/params" "^1.31.0"
    "@lodestar/types" "^1.31.0"
    "@lodestar/utils" "^1.31.0"
    eventsource "^2.0.2"
    qs "^6.11.1"

"@lodestar/config@^1.31.0":
  version "1.31.0"
  resolved "https://registry.yarnpkg.com/@lodestar/config/-/config-1.31.0.tgz#f5e415d642f887e45117be641bcdffdeb801e1c6"
  integrity sha512-DaFKeqYBu8yLW8IRUkxHalJHWLLJqswxttRhALnEUmEgLDiU1erVxwhjIe2UzTWHVqB8KdKTZHTVWP0A+QJq+Q==
  dependencies:
    "@chainsafe/ssz" "^1.2.1"
    "@lodestar/params" "^1.31.0"
    "@lodestar/types" "^1.31.0"
    "@lodestar/utils" "^1.31.0"

"@lodestar/config@^1.31.1":
  version "1.32.0-peerDAS.fbabed864b"
  resolved "https://registry.yarnpkg.com/@lodestar/config/-/config-1.32.0-peerDAS.fbabed864b.tgz#6850d99814e24071f0cca4028e22fa289292de46"
  integrity sha512-ybgfS6GLVQ27V1/n1HVuOuYdGr95AfWUVgl4pkjt59acS6q9nRi06nlnaO82tZVgego33GT+4gV0KQ9Rbkn2Cw==
  dependencies:
    "@chainsafe/ssz" "^1.2.1"
    "@lodestar/params" "1.32.0-peerDAS.fbabed864b"
    "@lodestar/types" "1.32.0-peerDAS.fbabed864b"
    "@lodestar/utils" "1.32.0-peerDAS.fbabed864b"

"@lodestar/params@1.32.0-peerDAS.fbabed864b", "@lodestar/params@^1.31.1":
  version "1.32.0-peerDAS.fbabed864b"
  resolved "https://registry.yarnpkg.com/@lodestar/params/-/params-1.32.0-peerDAS.fbabed864b.tgz#f9e26ec2ea4d62754943034d55ce32cea223fa58"
  integrity sha512-qpBi18eUOpDx6tONlqCHiPhspB3FsuoX0jsA1MyfnCzByZbiiV5k5zc8oKMsDi34DdCooZCBHh8FN6KrL8CFSQ==

"@lodestar/params@^1.31.0":
  version "1.31.0"
  resolved "https://registry.yarnpkg.com/@lodestar/params/-/params-1.31.0.tgz#526cb62ce23680387344b6f4e208d68c5c019251"
  integrity sha512-9ZsAQSbHSqu0je5IKhumCi0LI0YOO7ekjuMuZFov2QgySb/ofDvnuqjD4UO6/8u1yN6TS87r6h3F9IBzbT316g==

"@lodestar/types@1.32.0-peerDAS.fbabed864b", "@lodestar/types@^1.31.1":
  version "1.32.0-peerDAS.fbabed864b"
  resolved "https://registry.yarnpkg.com/@lodestar/types/-/types-1.32.0-peerDAS.fbabed864b.tgz#6c1d1ece3da86448b378184a69fe663d81c2a706"
  integrity sha512-uP3fw45aAKmmHYHyiL4n1Waj5dyE1aJ0pL1Jz6W0TPI5ujaXB9M33dGERF2GNPTvqapJGDyVc6FJDqU+DU2R+A==
  dependencies:
    "@chainsafe/ssz" "^1.2.1"
    "@lodestar/params" "1.32.0-peerDAS.fbabed864b"
    ethereum-cryptography "^2.0.0"

"@lodestar/types@^1.31.0":
  version "1.31.0"
  resolved "https://registry.yarnpkg.com/@lodestar/types/-/types-1.31.0.tgz#481b5661420aba9d3c357be1a9ed89e937189d08"
  integrity sha512-rpsSRfiEXqRO6IjbnZqkYa0guBK7s/BkqJT3ClBWmcUg/VSGYCjT2I2dNhfGxPmddovP7xonYXpXK/x8xZGh1g==
  dependencies:
    "@chainsafe/ssz" "^1.2.1"
    "@lodestar/params" "^1.31.0"
    ethereum-cryptography "^2.0.0"

"@lodestar/utils@1.32.0-peerDAS.fbabed864b":
  version "1.32.0-peerDAS.fbabed864b"
  resolved "https://registry.yarnpkg.com/@lodestar/utils/-/utils-1.32.0-peerDAS.fbabed864b.tgz#93395bb73152dc75108e7d31daf137d96a06f32a"
  integrity sha512-WEwApgyU8Hp/OHAKzV8iVHuLppjQZ00pVVWqRb739xWDBAdSwwqrQBJK3FTXX2RwwZYMXhrqMak4AfTpM/Dtdg==
  dependencies:
    "@chainsafe/as-sha256" "^1.2.0"
    any-signal "^4.1.1"
    bigint-buffer "^1.1.5"
    case "^1.6.3"
    js-yaml "^4.1.0"

"@lodestar/utils@^1.31.0":
  version "1.31.0"
  resolved "https://registry.yarnpkg.com/@lodestar/utils/-/utils-1.31.0.tgz#6201c1891cbe0e01fe2be5dc167bc2fa686e2e49"
  integrity sha512-eLVXJkzfl3Zeb9GRSQdPpAjrBRZEt6kKNfQF7Da8Hj4uo5bc6NFm0tTrpRnBhuFQKVbYAZU/uPkbNSR12U8mpA==
  dependencies:
    "@chainsafe/as-sha256" "^1.2.0"
    any-signal "^4.1.1"
    bigint-buffer "^1.1.5"
    case "^1.6.3"
    js-yaml "^4.1.0"

"@noble/curves@1.4.2", "@noble/curves@~1.4.0":
  version "1.4.2"
  resolved "https://registry.yarnpkg.com/@noble/curves/-/curves-1.4.2.tgz#40309198c76ed71bc6dbf7ba24e81ceb4d0d1fe9"
  integrity sha512-TavHr8qycMChk8UwMld0ZDRvatedkzWfH8IiaeGCfymOP5i0hSCozz9vHOL0nkwk7HRMlFnAiKpS2jrUmSybcw==
  dependencies:
    "@noble/hashes" "1.4.0"

"@noble/hashes@1.4.0", "@noble/hashes@~1.4.0":
  version "1.4.0"
  resolved "https://registry.yarnpkg.com/@noble/hashes/-/hashes-1.4.0.tgz#45814aa329f30e4fe0ba49426f49dfccdd066426"
  integrity sha512-V1JJ1WTRUqHHrOSh597hURcMqVKVGL/ea3kv0gSnEdsEZ0/+VyPghM1lMNGc00z7CIQorSvbKpuJkxvuHbvdbg==

"@noble/hashes@^1.3.0":
  version "1.3.2"
  resolved "https://registry.yarnpkg.com/@noble/hashes/-/hashes-1.3.2.tgz#6f26dbc8fbc7205873ce3cee2f690eba0d421b39"
  integrity sha512-MVC8EAQp7MvEcm30KWENFjgR+Mkmf+D189XJTkFIlwohU5hcBbn1ZkKq7KVTi2Hme3PMGF390DaL52beVrIihQ==

"@scure/base@~1.1.6":
  version "1.1.9"
  resolved "https://registry.yarnpkg.com/@scure/base/-/base-1.1.9.tgz#e5e142fbbfe251091f9c5f1dd4c834ac04c3dbd1"
  integrity sha512-8YKhl8GHiNI/pU2VMaofa2Tor7PJRAjwQLBBuilkJ9L5+13yVbC7JO/wS7piioAvPSwR3JKM1IJ/u4xQzbcXKg==

"@scure/bip32@1.4.0":
  version "1.4.0"
  resolved "https://registry.yarnpkg.com/@scure/bip32/-/bip32-1.4.0.tgz#4e1f1e196abedcef395b33b9674a042524e20d67"
  integrity sha512-sVUpc0Vq3tXCkDGYVWGIZTRfnvu8LoTDaev7vbwh0omSvVORONr960MQWdKqJDCReIEmTj3PAr73O3aoxz7OPg==
  dependencies:
    "@noble/curves" "~1.4.0"
    "@noble/hashes" "~1.4.0"
    "@scure/base" "~1.1.6"

"@scure/bip39@1.3.0":
  version "1.3.0"
  resolved "https://registry.yarnpkg.com/@scure/bip39/-/bip39-1.3.0.tgz#0f258c16823ddd00739461ac31398b4e7d6a18c3"
  integrity sha512-disdg7gHuTDZtY+ZdkmLpPCk7fxZSu3gBiEGuoC1XYxv9cGx3Z6cpTggCgW6odSOOIXCiDjuGejW+aJKCY/pIQ==
  dependencies:
    "@noble/hashes" "~1.4.0"
    "@scure/base" "~1.1.6"

any-signal@^4.1.1:
  version "4.1.1"
  resolved "https://registry.yarnpkg.com/any-signal/-/any-signal-4.1.1.tgz#928416c355c66899e6b2a91cad4488f0324bae03"
  integrity sha512-iADenERppdC+A2YKbOXXB2WUeABLaM6qnpZ70kZbPZ1cZMMJ7eF+3CaYm+/PhBizgkzlvssC7QuHS30oOiQYWA==

argparse@^2.0.1:
  version "2.0.1"
  resolved "https://registry.yarnpkg.com/argparse/-/argparse-2.0.1.tgz#246f50f3ca78a3240f6c997e8a9bd1eac49e4b38"
  integrity sha512-8+9WqebbFzpX9OR+Wa6O29asIogeRMzcGtAINdpMHHyAg10f05aSFVBbcEqGf/PXw1EjAZ+q2/bEBg3DvurK3Q==

bigint-buffer@^1.1.5:
  version "1.1.5"
  resolved "https://registry.yarnpkg.com/bigint-buffer/-/bigint-buffer-1.1.5.tgz#d038f31c8e4534c1f8d0015209bf34b4fa6dd442"
  integrity sha512-trfYco6AoZ+rKhKnxA0hgX0HAbVP/s808/EuDSe2JDzUnCp/xAsli35Orvk67UrTEcwuxZqYZDmfA2RXJgxVvA==
  dependencies:
    bindings "^1.3.0"

bindings@^1.3.0:
  version "1.5.0"
  resolved "https://registry.yarnpkg.com/bindings/-/bindings-1.5.0.tgz#10353c9e945334bc0511a6d90b38fbc7c9c504df"
  integrity sha512-p2q/t/mhvuOj/UeLlV6566GD/guowlr0hHxClI0W9m7MWYkL1F0hLo+0Aexs9HSPCtR1SXQ0TD3MMKrXZajbiQ==
  dependencies:
    file-uri-to-path "1.0.0"

call-bind@^1.0.0:
  version "1.0.2"
  resolved "https://registry.yarnpkg.com/call-bind/-/call-bind-1.0.2.tgz#b1d4e89e688119c3c9a903ad30abb2f6a919be3c"
  integrity sha512-7O+FbCihrB5WGbFYesctwmTKae6rOiIzmz1icreWJ+0aA7LJfuqhEso2T9ncpcFtzMQtzXf2QGGueWJGTYsqrA==
  dependencies:
    function-bind "^1.1.1"
    get-intrinsic "^1.0.2"

case@^1.6.3:
  version "1.6.3"
  resolved "https://registry.yarnpkg.com/case/-/case-1.6.3.tgz#0a4386e3e9825351ca2e6216c60467ff5f1ea1c9"
  integrity sha512-mzDSXIPaFwVDvZAHqZ9VlbyF4yyXRuX6IvB06WvPYkqJVO24kX1PPhv9bfpKNFZyxYFmmgo03HUiD8iklmJYRQ==

ethereum-cryptography@^2.0.0:
  version "2.2.1"
  resolved "https://registry.yarnpkg.com/ethereum-cryptography/-/ethereum-cryptography-2.2.1.tgz#58f2810f8e020aecb97de8c8c76147600b0b8ccf"
  integrity sha512-r/W8lkHSiTLxUxW8Rf3u4HGB0xQweG2RyETjywylKZSzLWoWAijRz8WCuOtJ6wah+avllXBqZuk29HCCvhEIRg==
  dependencies:
    "@noble/curves" "1.4.2"
    "@noble/hashes" "1.4.0"
    "@scure/bip32" "1.4.0"
    "@scure/bip39" "1.3.0"

eventsource@^2.0.2:
  version "2.0.2"
  resolved "https://registry.yarnpkg.com/eventsource/-/eventsource-2.0.2.tgz#76dfcc02930fb2ff339520b6d290da573a9e8508"
  integrity sha512-IzUmBGPR3+oUG9dUeXynyNmf91/3zUSJg1lCktzKw47OXuhco54U3r9B7O4XX+Rb1Itm9OZ2b0RkTs10bICOxA==

file-uri-to-path@1.0.0:
  version "1.0.0"
  resolved "https://registry.yarnpkg.com/file-uri-to-path/-/file-uri-to-path-1.0.0.tgz#553a7b8446ff6f684359c445f1e37a05dacc33dd"
  integrity sha512-0Zt+s3L7Vf1biwWZ29aARiVYLx7iMGnEUl9x33fbB/j3jR81u/O2LbqK+Bm1CDSNDKVtJ/YjwY7TUd5SkeLQLw==

function-bind@^1.1.1:
  version "1.1.1"
  resolved "https://registry.yarnpkg.com/function-bind/-/function-bind-1.1.1.tgz#a56899d3ea3c9bab874bb9773b7c5ede92f4895d"
  integrity sha512-yIovAzMX49sF8Yl58fSCWJ5svSLuaibPxXQJFLmBObTuCr0Mf1KiPopGM9NiFjiYBCbfaa2Fh6breQ6ANVTI0A==

get-intrinsic@^1.0.2:
  version "1.2.1"
  resolved "https://registry.yarnpkg.com/get-intrinsic/-/get-intrinsic-1.2.1.tgz#d295644fed4505fc9cde952c37ee12b477a83d82"
  integrity sha512-2DcsyfABl+gVHEfCOaTrWgyt+tb6MSEGmKq+kI5HwLbIYgjgmMcV8KQ41uaKz1xxUcn9tJtgFbQUEVcEbd0FYw==
  dependencies:
    function-bind "^1.1.1"
    has "^1.0.3"
    has-proto "^1.0.1"
    has-symbols "^1.0.3"

has-proto@^1.0.1:
  version "1.0.1"
  resolved "https://registry.yarnpkg.com/has-proto/-/has-proto-1.0.1.tgz#1885c1305538958aff469fef37937c22795408e0"
  integrity sha512-7qE+iP+O+bgF9clE5+UoBFzE65mlBiVj3tKCrlNQ0Ogwm0BjpT/gK4SlLYDMybDh5I3TCTKnPPa0oMG7JDYrhg==

has-symbols@^1.0.3:
  version "1.0.3"
  resolved "https://registry.yarnpkg.com/has-symbols/-/has-symbols-1.0.3.tgz#bb7b2c4349251dce87b125f7bdf874aa7c8b39f8"
  integrity sha512-l3LCuF6MgDNwTDKkdYGEihYjt5pRPbEg46rtlmnSPlUbgmB8LOIrKJbYYFBSbnPaJexMKtiPO8hmeRjRz2Td+A==

has@^1.0.3:
  version "1.0.3"
  resolved "https://registry.yarnpkg.com/has/-/has-1.0.3.tgz#722d7cbfc1f6aa8241f16dd814e011e1f41e8796"
  integrity sha512-f2dvO0VU6Oej7RkWJGrehjbzMAjFp5/VKPp5tTpWIV4JHHZK1/BxbFRtf/siA2SWTe09caDmVtYYzWEIbBS4zw==
  dependencies:
    function-bind "^1.1.1"

js-yaml@^4.1.0:
  version "4.1.0"
  resolved "https://registry.yarnpkg.com/js-yaml/-/js-yaml-4.1.0.tgz#c1fb65f8f5017901cdd2c951864ba18458a10602"
  integrity sha512-wpxZs9NoxZaJESJGIZTyDEaYpl0FKSA+FB9aJiyemKhMwkxQg63h4T1KJgUGHpTqPDNRcmmYLugrRjJlBtWvRA==
  dependencies:
    argparse "^2.0.1"

object-inspect@^1.9.0:
  version "1.12.3"
  resolved "https://registry.yarnpkg.com/object-inspect/-/object-inspect-1.12.3.tgz#ba62dffd67ee256c8c086dfae69e016cd1f198b9"
  integrity sha512-geUvdk7c+eizMNUDkRpW1wJwgfOiOeHbxBR/hLXK1aT6zmVSO0jsQcs7fj6MGw89jC/cjGfLcNOrtMYtGqm81g==

qs@^6.11.1:
  version "6.11.2"
  resolved "https://registry.yarnpkg.com/qs/-/qs-6.11.2.tgz#64bea51f12c1f5da1bc01496f48ffcff7c69d7d9"
  integrity sha512-tDNIz22aBzCDxLtVH++VnTfzxlfeK5CbqohpSqpJgj1Wg/cQbStNAz3NuqCs5vV+pjBsK4x4pN9HlVh7rcYRiA==
  dependencies:
    side-channel "^1.0.4"

side-channel@^1.0.4:
  version "1.0.4"
  resolved "https://registry.yarnpkg.com/side-channel/-/side-channel-1.0.4.tgz#efce5c8fdc104ee751b25c58d4290011fa5ea2cf"
  integrity sha512-q5XPytqFEIKHkGdiMIrY10mvLRvnQh42/+GoBlFW3b2LXLE2xxJpZFdm94we0BaoV3RwJyGqg5wS7epxTv0Zvw==
  dependencies:
    call-bind "^1.0.0"
    get-intrinsic "^1.0.2"
    object-inspect "^1.9.0"
